
Microsoft Visual Studio Solution File, Format Version 12.00
# Visual Studio Version 17
VisualStudioVersion = 17.2.32414.248
MinimumVisualStudioVersion = 10.0.40219.1
Project("{2150E333-8FDC-42A3-9474-1A3956D46DE8}") = "src", "src", "{3909241C-F29B-4D22-BC56-504F7EA792D7}"
EndProject
Project("{2150E333-8FDC-42A3-9474-1A3956D46DE8}") = "tests", "tests", "{8FBB691D-7838-452D-AFF5-5CCEFFE7200E}"
EndProject
Project("{2150E333-8FDC-42A3-9474-1A3956D46DE8}") = "Solution Items", "Solution Items", "{4367760B-3BCA-4A9F-B8C9-9D106BCBE861}"
	ProjectSection(SolutionItems) = preProject
		.editorconfig = .editorconfig
		Directory.Build.props = Directory.Build.props
		LICENSE = LICENSE
		NuGet.config = NuGet.config
	EndProjectSection
EndProject
Project("{9A19103F-16F7-4668-BE54-9A1E7A4F7556}") = "Sharpliner", "src\Sharpliner\Sharpliner.csproj", "{14F6E156-9E87-4B14-9B7A-C7A83101A795}"
EndProject
Project("{9A19103F-16F7-4668-BE54-9A1E7A4F7556}") = "Sharpliner.Tests", "tests\Sharpliner.Tests\Sharpliner.Tests.csproj", "{70F30F92-B6D5-42C7-89B9-98AB72AFF192}"
EndProject
Project("{2150E333-8FDC-42A3-9474-1A3956D46DE8}") = "eng", "eng", "{4F21BBD4-0FBF-43FA-94E8-3119F47DD493}"
EndProject
Project("{9A19103F-16F7-4668-BE54-9A1E7A4F7556}") = "Sharpliner.CI", "eng\Sharpliner.CI\Sharpliner.CI.csproj", "{DABB7F89-37B9-4AC8-9FEA-DCDE0B1E8DE0}"
EndProject
Project("{9A19103F-16F7-4668-BE54-9A1E7A4F7556}") = "E2E.Tests.SharplinerLibrary", "tests\E2E.Tests\SharplinerLibrary\E2E.Tests.SharplinerLibrary.csproj", "{56278FA7-2A5D-4CFA-AAE4-89BF446CEAA7}"
EndProject
Project("{9A19103F-16F7-4668-BE54-9A1E7A4F7556}") = "E2E.Tests.ProjectUsingTheLibrary", "tests\E2E.Tests\ProjectUsingTheLibrary\E2E.Tests.ProjectUsingTheLibrary.csproj", "{DC9B7211-B404-4093-ADAD-E50CA6EF0357}"
EndProject
Project("{9A19103F-16F7-4668-BE54-9A1E7A4F7556}") = "E2E.Tests.ProjectUsingTheLibraryNuGet", "tests\E2E.Tests\ProjectUsingTheLibraryNuGet\E2E.Tests.ProjectUsingTheLibraryNuGet.csproj", "{9B54DC17-4615-4D87-9FBE-07E05C8BE213}"
EndProject
Project("{9A19103F-16F7-4668-BE54-9A1E7A4F7556}") = "PublicApiExporter", "eng\PublicApiExporter\PublicApiExporter.csproj", "{769F2326-E9CB-4DCA-ABFB-13C4F41627F1}"
EndProject
Project("{2150E333-8FDC-42A3-9474-1A3956D46DE8}") = "gen", "gen", "{D52C7C0B-2979-41B2-863F-BC8C954C7ECF}"
EndProject
Project("{FAE04EC0-301F-11D3-BF4B-00C04F79EFBC}") = "Sharpliner.SourceGenerator", "gen\Sharpliner.SourceGenerator\Sharpliner.SourceGenerator.csproj", "{DC4B7CED-0B75-416B-998F-67C7639BC3C7}"
EndProject
Global
	GlobalSection(SolutionConfigurationPlatforms) = preSolution
		Debug|Any CPU = Debug|Any CPU
		Release|Any CPU = Release|Any CPU
	EndGlobalSection
	GlobalSection(ProjectConfigurationPlatforms) = postSolution
		{14F6E156-9E87-4B14-9B7A-C7A83101A795}.Debug|Any CPU.ActiveCfg = Debug|Any CPU
		{14F6E156-9E87-4B14-9B7A-C7A83101A795}.Debug|Any CPU.Build.0 = Debug|Any CPU
		{14F6E156-9E87-4B14-9B7A-C7A83101A795}.Release|Any CPU.ActiveCfg = Release|Any CPU
		{14F6E156-9E87-4B14-9B7A-C7A83101A795}.Release|Any CPU.Build.0 = Release|Any CPU
		{70F30F92-B6D5-42C7-89B9-98AB72AFF192}.Debug|Any CPU.ActiveCfg = Debug|Any CPU
		{70F30F92-B6D5-42C7-89B9-98AB72AFF192}.Debug|Any CPU.Build.0 = Debug|Any CPU
		{70F30F92-B6D5-42C7-89B9-98AB72AFF192}.Release|Any CPU.ActiveCfg = Release|Any CPU
		{70F30F92-B6D5-42C7-89B9-98AB72AFF192}.Release|Any CPU.Build.0 = Release|Any CPU
		{DABB7F89-37B9-4AC8-9FEA-DCDE0B1E8DE0}.Debug|Any CPU.ActiveCfg = Debug|Any CPU
		{DABB7F89-37B9-4AC8-9FEA-DCDE0B1E8DE0}.Debug|Any CPU.Build.0 = Debug|Any CPU
		{DABB7F89-37B9-4AC8-9FEA-DCDE0B1E8DE0}.Release|Any CPU.ActiveCfg = Release|Any CPU
		{DABB7F89-37B9-4AC8-9FEA-DCDE0B1E8DE0}.Release|Any CPU.Build.0 = Release|Any CPU
		{56278FA7-2A5D-4CFA-AAE4-89BF446CEAA7}.Debug|Any CPU.ActiveCfg = Debug|Any CPU
		{56278FA7-2A5D-4CFA-AAE4-89BF446CEAA7}.Debug|Any CPU.Build.0 = Debug|Any CPU
		{56278FA7-2A5D-4CFA-AAE4-89BF446CEAA7}.Release|Any CPU.ActiveCfg = Release|Any CPU
		{56278FA7-2A5D-4CFA-AAE4-89BF446CEAA7}.Release|Any CPU.Build.0 = Release|Any CPU
		{DC9B7211-B404-4093-ADAD-E50CA6EF0357}.Debug|Any CPU.ActiveCfg = Debug|Any CPU
		{DC9B7211-B404-4093-ADAD-E50CA6EF0357}.Debug|Any CPU.Build.0 = Debug|Any CPU
		{DC9B7211-B404-4093-ADAD-E50CA6EF0357}.Release|Any CPU.ActiveCfg = Release|Any CPU
		{DC9B7211-B404-4093-ADAD-E50CA6EF0357}.Release|Any CPU.Build.0 = Release|Any CPU
		{9B54DC17-4615-4D87-9FBE-07E05C8BE213}.Debug|Any CPU.ActiveCfg = Debug|Any CPU
		{9B54DC17-4615-4D87-9FBE-07E05C8BE213}.Debug|Any CPU.Build.0 = Debug|Any CPU
		{9B54DC17-4615-4D87-9FBE-07E05C8BE213}.Release|Any CPU.ActiveCfg = Release|Any CPU
		{9B54DC17-4615-4D87-9FBE-07E05C8BE213}.Release|Any CPU.Build.0 = Release|Any CPU
		{769F2326-E9CB-4DCA-ABFB-13C4F41627F1}.Debug|Any CPU.ActiveCfg = Debug|Any CPU
		{769F2326-E9CB-4DCA-ABFB-13C4F41627F1}.Debug|Any CPU.Build.0 = Debug|Any CPU
		{769F2326-E9CB-4DCA-ABFB-13C4F41627F1}.Release|Any CPU.ActiveCfg = Release|Any CPU
		{769F2326-E9CB-4DCA-ABFB-13C4F41627F1}.Release|Any CPU.Build.0 = Release|Any CPU
		{DC4B7CED-0B75-416B-998F-67C7639BC3C7}.Debug|Any CPU.ActiveCfg = Debug|Any CPU
		{DC4B7CED-0B75-416B-998F-67C7639BC3C7}.Debug|Any CPU.Build.0 = Debug|Any CPU
		{DC4B7CED-0B75-416B-998F-67C7639BC3C7}.Release|Any CPU.ActiveCfg = Release|Any CPU
		{DC4B7CED-0B75-416B-998F-67C7639BC3C7}.Release|Any CPU.Build.0 = Release|Any CPU
	EndGlobalSection
	GlobalSection(SolutionProperties) = preSolution
		HideSolutionNode = FALSE
	EndGlobalSection
	GlobalSection(NestedProjects) = preSolution
		{14F6E156-9E87-4B14-9B7A-C7A83101A795} = {3909241C-F29B-4D22-BC56-504F7EA792D7}
		{70F30F92-B6D5-42C7-89B9-98AB72AFF192} = {8FBB691D-7838-452D-AFF5-5CCEFFE7200E}
		{DABB7F89-37B9-4AC8-9FEA-DCDE0B1E8DE0} = {4F21BBD4-0FBF-43FA-94E8-3119F47DD493}
		{56278FA7-2A5D-4CFA-AAE4-89BF446CEAA7} = {8FBB691D-7838-452D-AFF5-5CCEFFE7200E}
		{DC9B7211-B404-4093-ADAD-E50CA6EF0357} = {8FBB691D-7838-452D-AFF5-5CCEFFE7200E}
		{9B54DC17-4615-4D87-9FBE-07E05C8BE213} = {8FBB691D-7838-452D-AFF5-5CCEFFE7200E}
		{769F2326-E9CB-4DCA-ABFB-13C4F41627F1} = {4F21BBD4-0FBF-43FA-94E8-3119F47DD493}
		{DC4B7CED-0B75-416B-998F-67C7639BC3C7} = {D52C7C0B-2979-41B2-863F-BC8C954C7ECF}
	EndGlobalSection
	GlobalSection(ExtensibilityGlobals) = postSolution
		SolutionGuid = {BDFCD6C1-CAB3-4251-8F2E-7F0A7B2B9111}
	EndGlobalSection
EndGlobal
