
Microsoft Visual Studio Solution File, Format Version 12.00
# Visual Studio Version 16
VisualStudioVersion = 16.0.31205.9
MinimumVisualStudioVersion = 10.0.40219.1
Project("{2150E333-8FDC-42A3-9474-1A3956D46DE8}") = "src", "src", "{3909241C-F29B-4D22-BC56-504F7EA792D7}"
EndProject
Project("{9A19103F-16F7-4668-BE54-9A1E7A4F7556}") = "Sharpliner.CLI", "src\Sharpliner.CLI\Sharpliner.CLI.csproj", "{33D124C1-C819-4989-9C13-66084ADFA9DE}"
EndProject
Project("{9A19103F-16F7-4668-BE54-9A1E7A4F7556}") = "Sharpliner.Fluent", "src\Sharpliner.Fluent\Sharpliner.Fluent.csproj", "{A50DA547-A993-434B-8280-CCFAD9D2BB83}"
EndProject
Project("{9A19103F-16F7-4668-BE54-9A1E7A4F7556}") = "Sharpliner.Model", "src\Sharpliner.Model\Sharpliner.Model.csproj", "{4B94A59A-1035-4143-938F-E1C6206AC319}"
EndProject
Project("{9A19103F-16F7-4668-BE54-9A1E7A4F7556}") = "Sharpliner.Serialization", "src\Sharpliner.Serialization\Sharpliner.Serialization.csproj", "{68BEEEF7-5B69-4109-A42C-B86CE68CAEE8}"
EndProject
Project("{2150E333-8FDC-42A3-9474-1A3956D46DE8}") = "tests", "tests", "{8FBB691D-7838-452D-AFF5-5CCEFFE7200E}"
EndProject
Project("{9A19103F-16F7-4668-BE54-9A1E7A4F7556}") = "Sharpliner.Serialization.Tests", "tests\Sharpliner.Serialization.Tests\Sharpliner.Serialization.Tests.csproj", "{1D248722-4A4A-4447-9051-4F34D5765B7A}"
EndProject
Project("{2150E333-8FDC-42A3-9474-1A3956D46DE8}") = "Solution Items", "Solution Items", "{4367760B-3BCA-4A9F-B8C9-9D106BCBE861}"
	ProjectSection(SolutionItems) = preProject
		.editorconfig = .editorconfig
	EndProjectSection
EndProject
Global
	GlobalSection(SolutionConfigurationPlatforms) = preSolution
		Debug|Any CPU = Debug|Any CPU
		Release|Any CPU = Release|Any CPU
	EndGlobalSection
	GlobalSection(ProjectConfigurationPlatforms) = postSolution
		{33D124C1-C819-4989-9C13-66084ADFA9DE}.Debug|Any CPU.ActiveCfg = Debug|Any CPU
		{33D124C1-C819-4989-9C13-66084ADFA9DE}.Debug|Any CPU.Build.0 = Debug|Any CPU
		{33D124C1-C819-4989-9C13-66084ADFA9DE}.Release|Any CPU.ActiveCfg = Release|Any CPU
		{33D124C1-C819-4989-9C13-66084ADFA9DE}.Release|Any CPU.Build.0 = Release|Any CPU
		{A50DA547-A993-434B-8280-CCFAD9D2BB83}.Debug|Any CPU.ActiveCfg = Debug|Any CPU
		{A50DA547-A993-434B-8280-CCFAD9D2BB83}.Debug|Any CPU.Build.0 = Debug|Any CPU
		{A50DA547-A993-434B-8280-CCFAD9D2BB83}.Release|Any CPU.ActiveCfg = Release|Any CPU
		{A50DA547-A993-434B-8280-CCFAD9D2BB83}.Release|Any CPU.Build.0 = Release|Any CPU
		{4B94A59A-1035-4143-938F-E1C6206AC319}.Debug|Any CPU.ActiveCfg = Debug|Any CPU
		{4B94A59A-1035-4143-938F-E1C6206AC319}.Debug|Any CPU.Build.0 = Debug|Any CPU
		{4B94A59A-1035-4143-938F-E1C6206AC319}.Release|Any CPU.ActiveCfg = Release|Any CPU
		{4B94A59A-1035-4143-938F-E1C6206AC319}.Release|Any CPU.Build.0 = Release|Any CPU
		{68BEEEF7-5B69-4109-A42C-B86CE68CAEE8}.Debug|Any CPU.ActiveCfg = Debug|Any CPU
		{68BEEEF7-5B69-4109-A42C-B86CE68CAEE8}.Debug|Any CPU.Build.0 = Debug|Any CPU
		{68BEEEF7-5B69-4109-A42C-B86CE68CAEE8}.Release|Any CPU.ActiveCfg = Release|Any CPU
		{68BEEEF7-5B69-4109-A42C-B86CE68CAEE8}.Release|Any CPU.Build.0 = Release|Any CPU
		{1D248722-4A4A-4447-9051-4F34D5765B7A}.Debug|Any CPU.ActiveCfg = Debug|Any CPU
		{1D248722-4A4A-4447-9051-4F34D5765B7A}.Debug|Any CPU.Build.0 = Debug|Any CPU
		{1D248722-4A4A-4447-9051-4F34D5765B7A}.Release|Any CPU.ActiveCfg = Release|Any CPU
		{1D248722-4A4A-4447-9051-4F34D5765B7A}.Release|Any CPU.Build.0 = Release|Any CPU
	EndGlobalSection
	GlobalSection(SolutionProperties) = preSolution
		HideSolutionNode = FALSE
	EndGlobalSection
	GlobalSection(NestedProjects) = preSolution
		{33D124C1-C819-4989-9C13-66084ADFA9DE} = {3909241C-F29B-4D22-BC56-504F7EA792D7}
		{A50DA547-A993-434B-8280-CCFAD9D2BB83} = {3909241C-F29B-4D22-BC56-504F7EA792D7}
		{4B94A59A-1035-4143-938F-E1C6206AC319} = {3909241C-F29B-4D22-BC56-504F7EA792D7}
		{68BEEEF7-5B69-4109-A42C-B86CE68CAEE8} = {3909241C-F29B-4D22-BC56-504F7EA792D7}
		{1D248722-4A4A-4447-9051-4F34D5765B7A} = {8FBB691D-7838-452D-AFF5-5CCEFFE7200E}
	EndGlobalSection
	GlobalSection(ExtensibilityGlobals) = postSolution
		SolutionGuid = {BDFCD6C1-CAB3-4251-8F2E-7F0A7B2B9111}
	EndGlobalSection
EndGlobal
